
Microsoft Visual Studio Solution File, Format Version 12.00
Project("{FAE04EC0-301F-11D3-BF4B-00C04F79EFBC}") = "NextStop.Api", "NextStop.Api\NextStop.Api.csproj", "{8D4B94A4-B220-4E56-BF53-88C7F9552393}"
EndProject
Project("{FAE04EC0-301F-11D3-BF4B-00C04F79EFBC}") = "NextStop.Core", "NextStop.Core\NextStop.Core.csproj", "{9E352FB1-8469-477B-9CE4-423EDA2D9CA4}"
EndProject
Project("{FAE04EC0-301F-11D3-BF4B-00C04F79EFBC}") = "NextStop.Infrastructure", "NextStop.Infrastructure\NextStop.Infrastructure.csproj", "{29B55790-8B8F-4ABC-B799-D37308CEBA33}"
EndProject
Project("{FAE04EC0-301F-11D3-BF4B-00C04F79EFBC}") = "NextStop.Infrastructure.Tests", "NextStop.Infrastructure.Tests\NextStop.Infrastructure.Tests.csproj", "{2A6AACFF-88DD-4E7E-920A-C31F29F3A7DA}"
EndProject
Project("{FAE04EC0-301F-11D3-BF4B-00C04F79EFBC}") = "NextStop.Api.Tests", "NextStop.Api.Tests\NextStop.Api.Tests.csproj", "{56205DAA-0CE1-4221-842F-0871EABD7903}"
EndProject
Global
	GlobalSection(SolutionConfigurationPlatforms) = preSolution
		Debug|Any CPU = Debug|Any CPU
		Release|Any CPU = Release|Any CPU
	EndGlobalSection
	GlobalSection(ProjectConfigurationPlatforms) = postSolution
		{8D4B94A4-B220-4E56-BF53-88C7F9552393}.Debug|Any CPU.ActiveCfg = Debug|Any CPU
		{8D4B94A4-B220-4E56-BF53-88C7F9552393}.Debug|Any CPU.Build.0 = Debug|Any CPU
		{8D4B94A4-B220-4E56-BF53-88C7F9552393}.Release|Any CPU.ActiveCfg = Release|Any CPU
		{8D4B94A4-B220-4E56-BF53-88C7F9552393}.Release|Any CPU.Build.0 = Release|Any CPU
		{9E352FB1-8469-477B-9CE4-423EDA2D9CA4}.Debug|Any CPU.ActiveCfg = Debug|Any CPU
		{9E352FB1-8469-477B-9CE4-423EDA2D9CA4}.Debug|Any CPU.Build.0 = Debug|Any CPU
		{9E352FB1-8469-477B-9CE4-423EDA2D9CA4}.Release|Any CPU.ActiveCfg = Release|Any CPU
		{9E352FB1-8469-477B-9CE4-423EDA2D9CA4}.Release|Any CPU.Build.0 = Release|Any CPU
		{29B55790-8B8F-4ABC-B799-D37308CEBA33}.Debug|Any CPU.ActiveCfg = Debug|Any CPU
		{29B55790-8B8F-4ABC-B799-D37308CEBA33}.Debug|Any CPU.Build.0 = Debug|Any CPU
		{29B55790-8B8F-4ABC-B799-D37308CEBA33}.Release|Any CPU.ActiveCfg = Release|Any CPU
		{29B55790-8B8F-4ABC-B799-D37308CEBA33}.Release|Any CPU.Build.0 = Release|Any CPU
		{2A6AACFF-88DD-4E7E-920A-C31F29F3A7DA}.Debug|Any CPU.ActiveCfg = Debug|Any CPU
		{2A6AACFF-88DD-4E7E-920A-C31F29F3A7DA}.Debug|Any CPU.Build.0 = Debug|Any CPU
		{2A6AACFF-88DD-4E7E-920A-C31F29F3A7DA}.Release|Any CPU.ActiveCfg = Release|Any CPU
		{2A6AACFF-88DD-4E7E-920A-C31F29F3A7DA}.Release|Any CPU.Build.0 = Release|Any CPU
		{56205DAA-0CE1-4221-842F-0871EABD7903}.Debug|Any CPU.ActiveCfg = Debug|Any CPU
		{56205DAA-0CE1-4221-842F-0871EABD7903}.Debug|Any CPU.Build.0 = Debug|Any CPU
		{56205DAA-0CE1-4221-842F-0871EABD7903}.Release|Any CPU.ActiveCfg = Release|Any CPU
		{56205DAA-0CE1-4221-842F-0871EABD7903}.Release|Any CPU.Build.0 = Release|Any CPU
	EndGlobalSection
EndGlobal
